// !$*UTF8*$!
{
	archiveVersion = 1;
	classes = {
	};
	objectVersion = 46;
	objects = {

/* Begin PBXBuildFile section */
		B1C2327E1B2DF422006F7ECD /* AppDelegate.swift in Sources */ = {isa = PBXBuildFile; fileRef = B1C2327D1B2DF422006F7ECD /* AppDelegate.swift */; };
		B1C232801B2DF422006F7ECD /* ViewController.swift in Sources */ = {isa = PBXBuildFile; fileRef = B1C2327F1B2DF422006F7ECD /* ViewController.swift */; };
		B1C232831B2DF422006F7ECD /* Main.storyboard in Resources */ = {isa = PBXBuildFile; fileRef = B1C232811B2DF422006F7ECD /* Main.storyboard */; };
		B1C232851B2DF422006F7ECD /* Images.xcassets in Resources */ = {isa = PBXBuildFile; fileRef = B1C232841B2DF422006F7ECD /* Images.xcassets */; };
		B1C232881B2DF423006F7ECD /* LaunchScreen.xib in Resources */ = {isa = PBXBuildFile; fileRef = B1C232861B2DF423006F7ECD /* LaunchScreen.xib */; };
		B1C232941B2DF423006F7ECD /* Postcard2Tests.swift in Sources */ = {isa = PBXBuildFile; fileRef = B1C232931B2DF423006F7ECD /* Postcard2Tests.swift */; };
/* End PBXBuildFile section */

/* Begin PBXContainerItemProxy section */
		B1C2328E1B2DF423006F7ECD /* PBXContainerItemProxy */ = {
			isa = PBXContainerItemProxy;
			containerPortal = B1C232701B2DF422006F7ECD /* Project object */;
			proxyType = 1;
			remoteGlobalIDString = B1C232771B2DF422006F7ECD;
			remoteInfo = Postcard2;
		};
/* End PBXContainerItemProxy section */

/* Begin PBXFileReference section */
		B1C232781B2DF422006F7ECD /* Postcard2.app */ = {isa = PBXFileReference; explicitFileType = wrapper.application; includeInIndex = 0; path = Postcard2.app; sourceTree = BUILT_PRODUCTS_DIR; };
		B1C2327C1B2DF422006F7ECD /* Info.plist */ = {isa = PBXFileReference; lastKnownFileType = text.plist.xml; path = Info.plist; sourceTree = "<group>"; };
		B1C2327D1B2DF422006F7ECD /* AppDelegate.swift */ = {isa = PBXFileReference; lastKnownFileType = sourcecode.swift; path = AppDelegate.swift; sourceTree = "<group>"; };
		B1C2327F1B2DF422006F7ECD /* ViewController.swift */ = {isa = PBXFileReference; lastKnownFileType = sourcecode.swift; path = ViewController.swift; sourceTree = "<group>"; };
		B1C232821B2DF422006F7ECD /* Base */ = {isa = PBXFileReference; lastKnownFileType = file.storyboard; name = Base; path = Base.lproj/Main.storyboard; sourceTree = "<group>"; };
		B1C232841B2DF422006F7ECD /* Images.xcassets */ = {isa = PBXFileReference; lastKnownFileType = folder.assetcatalog; path = Images.xcassets; sourceTree = "<group>"; };
		B1C232871B2DF423006F7ECD /* Base */ = {isa = PBXFileReference; lastKnownFileType = file.xib; name = Base; path = Base.lproj/LaunchScreen.xib; sourceTree = "<group>"; };
		B1C2328D1B2DF423006F7ECD /* Postcard2Tests.xctest */ = {isa = PBXFileReference; explicitFileType = wrapper.cfbundle; includeInIndex = 0; path = Postcard2Tests.xctest; sourceTree = BUILT_PRODUCTS_DIR; };
		B1C232921B2DF423006F7ECD /* Info.plist */ = {isa = PBXFileReference; lastKnownFileType = text.plist.xml; path = Info.plist; sourceTree = "<group>"; };
		B1C232931B2DF423006F7ECD /* Postcard2Tests.swift */ = {isa = PBXFileReference; lastKnownFileType = sourcecode.swift; path = Postcard2Tests.swift; sourceTree = "<group>"; };
/* End PBXFileReference section */

/* Begin PBXFrameworksBuildPhase section */
		B1C232751B2DF422006F7ECD /* Frameworks */ = {
			isa = PBXFrameworksBuildPhase;
			buildActionMask = 2147483647;
			files = (
			);
			runOnlyForDeploymentPostprocessing = 0;
		};
		B1C2328A1B2DF423006F7ECD /* Frameworks */ = {
			isa = PBXFrameworksBuildPhase;
			buildActionMask = 2147483647;
			files = (
			);
			runOnlyForDeploymentPostprocessing = 0;
		};
/* End PBXFrameworksBuildPhase section */

/* Begin PBXGroup section */
		B1C2326F1B2DF422006F7ECD = {
			isa = PBXGroup;
			children = (
				B1C2327A1B2DF422006F7ECD /* Postcard2 */,
				B1C232901B2DF423006F7ECD /* Postcard2Tests */,
				B1C232791B2DF422006F7ECD /* Products */,
			);
			sourceTree = "<group>";
		};
		B1C232791B2DF422006F7ECD /* Products */ = {
			isa = PBXGroup;
			children = (
				B1C232781B2DF422006F7ECD /* Postcard2.app */,
				B1C2328D1B2DF423006F7ECD /* Postcard2Tests.xctest */,
			);
			name = Products;
			sourceTree = "<group>";
		};
		B1C2327A1B2DF422006F7ECD /* Postcard2 */ = {
			isa = PBXGroup;
			children = (
				B1C2327D1B2DF422006F7ECD /* AppDelegate.swift */,
				B1C2327F1B2DF422006F7ECD /* ViewController.swift */,
				B1C232811B2DF422006F7ECD /* Main.storyboard */,
				B1C232841B2DF422006F7ECD /* Images.xcassets */,
				B1C232861B2DF423006F7ECD /* LaunchScreen.xib */,
				B1C2327B1B2DF422006F7ECD /* Supporting Files */,
			);
			path = Postcard2;
			sourceTree = "<group>";
		};
		B1C2327B1B2DF422006F7ECD /* Supporting Files */ = {
			isa = PBXGroup;
			children = (
				B1C2327C1B2DF422006F7ECD /* Info.plist */,
			);
			name = "Supporting Files";
			sourceTree = "<group>";
		};
		B1C232901B2DF423006F7ECD /* Postcard2Tests */ = {
			isa = PBXGroup;
			children = (
				B1C232931B2DF423006F7ECD /* Postcard2Tests.swift */,
				B1C232911B2DF423006F7ECD /* Supporting Files */,
			);
			path = Postcard2Tests;
			sourceTree = "<group>";
		};
		B1C232911B2DF423006F7ECD /* Supporting Files */ = {
			isa = PBXGroup;
			children = (
				B1C232921B2DF423006F7ECD /* Info.plist */,
			);
			name = "Supporting Files";
			sourceTree = "<group>";
		};
/* End PBXGroup section */

/* Begin PBXNativeTarget section */
		B1C232771B2DF422006F7ECD /* Postcard2 */ = {
			isa = PBXNativeTarget;
			buildConfigurationList = B1C232971B2DF423006F7ECD /* Build configuration list for PBXNativeTarget "Postcard2" */;
			buildPhases = (
				B1C232741B2DF422006F7ECD /* Sources */,
				B1C232751B2DF422006F7ECD /* Frameworks */,
				B1C232761B2DF422006F7ECD /* Resources */,
			);
			buildRules = (
			);
			dependencies = (
			);
			name = Postcard2;
			productName = Postcard2;
			productReference = B1C232781B2DF422006F7ECD /* Postcard2.app */;
			productType = "com.apple.product-type.application";
		};
		B1C2328C1B2DF423006F7ECD /* Postcard2Tests */ = {
			isa = PBXNativeTarget;
			buildConfigurationList = B1C2329A1B2DF423006F7ECD /* Build configuration list for PBXNativeTarget "Postcard2Tests" */;
			buildPhases = (
				B1C232891B2DF423006F7ECD /* Sources */,
				B1C2328A1B2DF423006F7ECD /* Frameworks */,
				B1C2328B1B2DF423006F7ECD /* Resources */,
			);
			buildRules = (
			);
			dependencies = (
				B1C2328F1B2DF423006F7ECD /* PBXTargetDependency */,
			);
			name = Postcard2Tests;
			productName = Postcard2Tests;
			productReference = B1C2328D1B2DF423006F7ECD /* Postcard2Tests.xctest */;
			productType = "com.apple.product-type.bundle.unit-test";
		};
/* End PBXNativeTarget section */

/* Begin PBXProject section */
		B1C232701B2DF422006F7ECD /* Project object */ = {
			isa = PBXProject;
			attributes = {
				LastUpgradeCheck = 0630;
				ORGANIZATIONNAME = "Ink & Pixels";
				TargetAttributes = {
					B1C232771B2DF422006F7ECD = {
						CreatedOnToolsVersion = 6.3.2;
					};
					B1C2328C1B2DF423006F7ECD = {
						CreatedOnToolsVersion = 6.3.2;
						TestTargetID = B1C232771B2DF422006F7ECD;
					};
				};
			};
			buildConfigurationList = B1C232731B2DF422006F7ECD /* Build configuration list for PBXProject "Postcard2" */;
			compatibilityVersion = "Xcode 3.2";
			developmentRegion = English;
			hasScannedForEncodings = 0;
			knownRegions = (
				en,
				Base,
			);
			mainGroup = B1C2326F1B2DF422006F7ECD;
			productRefGroup = B1C232791B2DF422006F7ECD /* Products */;
			projectDirPath = "";
			projectRoot = "";
			targets = (
				B1C232771B2DF422006F7ECD /* Postcard2 */,
				B1C2328C1B2DF423006F7ECD /* Postcard2Tests */,
			);
		};
/* End PBXProject section */

/* Begin PBXResourcesBuildPhase section */
		B1C232761B2DF422006F7ECD /* Resources */ = {
			isa = PBXResourcesBuildPhase;
			buildActionMask = 2147483647;
			files = (
				B1C232831B2DF422006F7ECD /* Main.storyboard in Resources */,
				B1C232881B2DF423006F7ECD /* LaunchScreen.xib in Resources */,
				B1C232851B2DF422006F7ECD /* Images.xcassets in Resources */,
			);
			runOnlyForDeploymentPostprocessing = 0;
		};
		B1C2328B1B2DF423006F7ECD /* Resources */ = {
			isa = PBXResourcesBuildPhase;
			buildActionMask = 2147483647;
			files = (
			);
			runOnlyForDeploymentPostprocessing = 0;
		};
/* End PBXResourcesBuildPhase section */

/* Begin PBXSourcesBuildPhase section */
		B1C232741B2DF422006F7ECD /* Sources */ = {
			isa = PBXSourcesBuildPhase;
			buildActionMask = 2147483647;
			files = (
				B1C232801B2DF422006F7ECD /* ViewController.swift in Sources */,
				B1C2327E1B2DF422006F7ECD /* AppDelegate.swift in Sources */,
			);
			runOnlyForDeploymentPostprocessing = 0;
		};
		B1C232891B2DF423006F7ECD /* Sources */ = {
			isa = PBXSourcesBuildPhase;
			buildActionMask = 2147483647;
			files = (
				B1C232941B2DF423006F7ECD /* Postcard2Tests.swift in Sources */,
			);
			runOnlyForDeploymentPostprocessing = 0;
		};
/* End PBXSourcesBuildPhase section */

/* Begin PBXTargetDependency section */
		B1C2328F1B2DF423006F7ECD /* PBXTargetDependency */ = {
			isa = PBXTargetDependency;
			target = B1C232771B2DF422006F7ECD /* Postcard2 */;
			targetProxy = B1C2328E1B2DF423006F7ECD /* PBXContainerItemProxy */;
		};
/* End PBXTargetDependency section */

/* Begin PBXVariantGroup section */
		B1C232811B2DF422006F7ECD /* Main.storyboard */ = {
			isa = PBXVariantGroup;
			children = (
				B1C232821B2DF422006F7ECD /* Base */,
			);
			name = Main.storyboard;
			sourceTree = "<group>";
		};
		B1C232861B2DF423006F7ECD /* LaunchScreen.xib */ = {
			isa = PBXVariantGroup;
			children = (
				B1C232871B2DF423006F7ECD /* Base */,
			);
			name = LaunchScreen.xib;
			sourceTree = "<group>";
		};
/* End PBXVariantGroup section */

/* Begin XCBuildConfiguration section */
		B1C232951B2DF423006F7ECD /* Debug */ = {
			isa = XCBuildConfiguration;
			buildSettings = {
				ALWAYS_SEARCH_USER_PATHS = NO;
				CLANG_CXX_LANGUAGE_STANDARD = "gnu++0x";
				CLANG_CXX_LIBRARY = "libc++";
				CLANG_ENABLE_MODULES = YES;
				CLANG_ENABLE_OBJC_ARC = YES;
				CLANG_WARN_BOOL_CONVERSION = YES;
				CLANG_WARN_CONSTANT_CONVERSION = YES;
				CLANG_WARN_DIRECT_OBJC_ISA_USAGE = YES_ERROR;
				CLANG_WARN_EMPTY_BODY = YES;
				CLANG_WARN_ENUM_CONVERSION = YES;
				CLANG_WARN_INT_CONVERSION = YES;
				CLANG_WARN_OBJC_ROOT_CLASS = YES_ERROR;
				CLANG_WARN_UNREACHABLE_CODE = YES;
				CLANG_WARN__DUPLICATE_METHOD_MATCH = YES;
				"CODE_SIGN_IDENTITY[sdk=iphoneos*]" = "iPhone Developer";
				COPY_PHASE_STRIP = NO;
				DEBUG_INFORMATION_FORMAT = "dwarf-with-dsym";
				ENABLE_STRICT_OBJC_MSGSEND = YES;
				GCC_C_LANGUAGE_STANDARD = gnu99;
				GCC_DYNAMIC_NO_PIC = NO;
				GCC_NO_COMMON_BLOCKS = YES;
				GCC_OPTIMIZATION_LEVEL = 0;
				GCC_PREPROCESSOR_DEFINITIONS = (
					"DEBUG=1",
					"$(inherited)",
				);
				GCC_SYMBOLS_PRIVATE_EXTERN = NO;
				GCC_WARN_64_TO_32_BIT_CONVERSION = YES;
				GCC_WARN_ABOUT_RETURN_TYPE = YES_ERROR;
				GCC_WARN_UNDECLARED_SELECTOR = YES;
				GCC_WARN_UNINITIALIZED_AUTOS = YES_AGGRESSIVE;
				GCC_WARN_UNUSED_FUNCTION = YES;
				GCC_WARN_UNUSED_VARIABLE = YES;
				IPHONEOS_DEPLOYMENT_TARGET = 8.3;
				MTL_ENABLE_DEBUG_INFO = YES;
				ONLY_ACTIVE_ARCH = YES;
				SDKROOT = iphoneos;
				SWIFT_OPTIMIZATION_LEVEL = "-Onone";
				TARGETED_DEVICE_FAMILY = "1,2";
			};
			name = Debug;
		};
		B1C232961B2DF423006F7ECD /* Release */ = {
			isa = XCBuildConfiguration;
			buildSettings = {
				ALWAYS_SEARCH_USER_PATHS = NO;
				CLANG_CXX_LANGUAGE_STANDARD = "gnu++0x";
				CLANG_CXX_LIBRARY = "libc++";
				CLANG_ENABLE_MODULES = YES;
				CLANG_ENABLE_OBJC_ARC = YES;
				CLANG_WARN_BOOL_CONVERSION = YES;
				CLANG_WARN_CONSTANT_CONVERSION = YES;
				CLANG_WARN_DIRECT_OBJC_ISA_USAGE = YES_ERROR;
				CLANG_WARN_EMPTY_BODY = YES;
				CLANG_WARN_ENUM_CONVERSION = YES;
				CLANG_WARN_INT_CONVERSION = YES;
				CLANG_WARN_OBJC_ROOT_CLASS = YES_ERROR;
				CLANG_WARN_UNREACHABLE_CODE = YES;
				CLANG_WARN__DUPLICATE_METHOD_MATCH = YES;
				"CODE_SIGN_IDENTITY[sdk=iphoneos*]" = "iPhone Developer";
				COPY_PHASE_STRIP = NO;
				DEBUG_INFORMATION_FORMAT = "dwarf-with-dsym";
				ENABLE_NS_ASSERTIONS = NO;
				ENABLE_STRICT_OBJC_MSGSEND = YES;
				GCC_C_LANGUAGE_STANDARD = gnu99;
				GCC_NO_COMMON_BLOCKS = YES;
				GCC_WARN_64_TO_32_BIT_CONVERSION = YES;
				GCC_WARN_ABOUT_RETURN_TYPE = YES_ERROR;
				GCC_WARN_UNDECLARED_SELECTOR = YES;
				GCC_WARN_UNINITIALIZED_AUTOS = YES_AGGRESSIVE;
				GCC_WARN_UNUSED_FUNCTION = YES;
				GCC_WARN_UNUSED_VARIABLE = YES;
				IPHONEOS_DEPLOYMENT_TARGET = 8.3;
				MTL_ENABLE_DEBUG_INFO = NO;
				SDKROOT = iphoneos;
				TARGETED_DEVICE_FAMILY = "1,2";
				VALIDATE_PRODUCT = YES;
			};
			name = Release;
		};
		B1C232981B2DF423006F7ECD /* Debug */ = {
			isa = XCBuildConfiguration;
			buildSettings = {
				ASSETCATALOG_COMPILER_APPICON_NAME = AppIcon;
				INFOPLIST_FILE = Postcard2/Info.plist;
				LD_RUNPATH_SEARCH_PATHS = "$(inherited) @executable_path/Frameworks";
				PRODUCT_NAME = "$(TARGET_NAME)";
			};
			name = Debug;
		};
		B1C232991B2DF423006F7ECD /* Release */ = {
			isa = XCBuildConfiguration;
			buildSettings = {
				ASSETCATALOG_COMPILER_APPICON_NAME = AppIcon;
				INFOPLIST_FILE = Postcard2/Info.plist;
				LD_RUNPATH_SEARCH_PATHS = "$(inherited) @executable_path/Frameworks";
				PRODUCT_NAME = "$(TARGET_NAME)";
			};
			name = Release;
		};
		B1C2329B1B2DF423006F7ECD /* Debug */ = {
			isa = XCBuildConfiguration;
			buildSettings = {
				BUNDLE_LOADER = "$(TEST_HOST)";
				FRAMEWORK_SEARCH_PATHS = (
					"$(SDKROOT)/Developer/Library/Frameworks",
					"$(inherited)",
				);
				GCC_PREPROCESSOR_DEFINITIONS = (
					"DEBUG=1",
					"$(inherited)",
				);
				INFOPLIST_FILE = Postcard2Tests/Info.plist;
				LD_RUNPATH_SEARCH_PATHS = "$(inherited) @executable_path/Frameworks @loader_path/Frameworks";
				PRODUCT_NAME = "$(TARGET_NAME)";
				TEST_HOST = "$(BUILT_PRODUCTS_DIR)/Postcard2.app/Postcard2";
			};
			name = Debug;
		};
		B1C2329C1B2DF423006F7ECD /* Release */ = {
			isa = XCBuildConfiguration;
			buildSettings = {
				BUNDLE_LOADER = "$(TEST_HOST)";
				FRAMEWORK_SEARCH_PATHS = (
					"$(SDKROOT)/Developer/Library/Frameworks",
					"$(inherited)",
				);
				INFOPLIST_FILE = Postcard2Tests/Info.plist;
				LD_RUNPATH_SEARCH_PATHS = "$(inherited) @executable_path/Frameworks @loader_path/Frameworks";
				PRODUCT_NAME = "$(TARGET_NAME)";
				TEST_HOST = "$(BUILT_PRODUCTS_DIR)/Postcard2.app/Postcard2";
			};
			name = Release;
		};
/* End XCBuildConfiguration section */

/* Begin XCConfigurationList section */
		B1C232731B2DF422006F7ECD /* Build configuration list for PBXProject "Postcard2" */ = {
			isa = XCConfigurationList;
			buildConfigurations = (
				B1C232951B2DF423006F7ECD /* Debug */,
				B1C232961B2DF423006F7ECD /* Release */,
			);
			defaultConfigurationIsVisible = 0;
			defaultConfigurationName = Release;
		};
		B1C232971B2DF423006F7ECD /* Build configuration list for PBXNativeTarget "Postcard2" */ = {
			isa = XCConfigurationList;
			buildConfigurations = (
				B1C232981B2DF423006F7ECD /* Debug */,
				B1C232991B2DF423006F7ECD /* Release */,
			);
			defaultConfigurationIsVisible = 0;
		};
		B1C2329A1B2DF423006F7ECD /* Build configuration list for PBXNativeTarget "Postcard2Tests" */ = {
			isa = XCConfigurationList;
			buildConfigurations = (
				B1C2329B1B2DF423006F7ECD /* Debug */,
				B1C2329C1B2DF423006F7ECD /* Release */,
			);
			defaultConfigurationIsVisible = 0;
		};
/* End XCConfigurationList section */
	};
	rootObject = B1C232701B2DF422006F7ECD /* Project object */;
}
